
Microsoft Visual Studio Solution File, Format Version 12.00
# Visual Studio Version 17
VisualStudioVersion = 17.3.32901.215
MinimumVisualStudioVersion = 10.0.40219.1
Project("{9A19103F-16F7-4668-BE54-9A1E7A4F7556}") = "ConsolePlayGround", "ConsolePlayGround\ConsolePlayGround.csproj", "{8B545D8D-F002-48B2-885A-48DF6272D925}"
EndProject
Project("{2150E333-8FDC-42A3-9474-1A3956D46DE8}") = "Solution Items", "Solution Items", "{02C5D5C4-7743-42F8-A963-05BE1B5BC70B}"
	ProjectSection(SolutionItems) = preProject
		.editorconfig = .editorconfig
	EndProjectSection
EndProject
Project("{9A19103F-16F7-4668-BE54-9A1E7A4F7556}") = "StockWatch", "StockWatch\StockWatch.csproj", "{D847FC0D-2DEC-4245-A98C-7AF8B7285FA0}"
EndProject
Project("{9A19103F-16F7-4668-BE54-9A1E7A4F7556}") = "ConsolePlayGroundTest", "ConsolePlayGroundTest\ConsolePlayGroundTest.csproj", "{949B9D72-1CE7-43F7-917C-D0CF4F9866BF}"
EndProject
Project("{2150E333-8FDC-42A3-9474-1A3956D46DE8}") = "PersonalSite", "PersonalSite", "{BA5FDDC4-488B-4898-B883-5C7D4336627D}"
	ProjectSection(SolutionItems) = preProject
		PersonalSite\.DS_Store = PersonalSite\.DS_Store
		PersonalSite\CNAME = PersonalSite\CNAME
		PersonalSite\index.css = PersonalSite\index.css
		PersonalSite\index.html = PersonalSite\index.html
		PersonalSite\index.js = PersonalSite\index.js
		PersonalSite\LICENSE = PersonalSite\LICENSE
		PersonalSite\PersonalSite.njsproj = PersonalSite\PersonalSite.njsproj
		PersonalSite\PersonalSite.njsproj.user = PersonalSite\PersonalSite.njsproj.user
		PersonalSite\README.md = PersonalSite\README.md
		Script1.js = Script1.js
	EndProjectSection
EndProject
Project("{2150E333-8FDC-42A3-9474-1A3956D46DE8}") = "BlogSite", "BlogSite", "{3F080335-723D-48B6-A78A-6C413585BDBF}"
EndProject
Global
	GlobalSection(SolutionConfigurationPlatforms) = preSolution
		Debug|Any CPU = Debug|Any CPU
		Release|Any CPU = Release|Any CPU
	EndGlobalSection
	GlobalSection(ProjectConfigurationPlatforms) = postSolution
		{8B545D8D-F002-48B2-885A-48DF6272D925}.Debug|Any CPU.ActiveCfg = Debug|Any CPU
		{8B545D8D-F002-48B2-885A-48DF6272D925}.Debug|Any CPU.Build.0 = Debug|Any CPU
		{8B545D8D-F002-48B2-885A-48DF6272D925}.Release|Any CPU.ActiveCfg = Release|Any CPU
		{8B545D8D-F002-48B2-885A-48DF6272D925}.Release|Any CPU.Build.0 = Release|Any CPU
		{D847FC0D-2DEC-4245-A98C-7AF8B7285FA0}.Debug|Any CPU.ActiveCfg = Debug|Any CPU
		{D847FC0D-2DEC-4245-A98C-7AF8B7285FA0}.Debug|Any CPU.Build.0 = Debug|Any CPU
		{D847FC0D-2DEC-4245-A98C-7AF8B7285FA0}.Release|Any CPU.ActiveCfg = Release|Any CPU
		{D847FC0D-2DEC-4245-A98C-7AF8B7285FA0}.Release|Any CPU.Build.0 = Release|Any CPU
		{949B9D72-1CE7-43F7-917C-D0CF4F9866BF}.Debug|Any CPU.ActiveCfg = Debug|Any CPU
		{949B9D72-1CE7-43F7-917C-D0CF4F9866BF}.Debug|Any CPU.Build.0 = Debug|Any CPU
		{949B9D72-1CE7-43F7-917C-D0CF4F9866BF}.Release|Any CPU.ActiveCfg = Release|Any CPU
		{949B9D72-1CE7-43F7-917C-D0CF4F9866BF}.Release|Any CPU.Build.0 = Release|Any CPU
	EndGlobalSection
	GlobalSection(SolutionProperties) = preSolution
		HideSolutionNode = FALSE
	EndGlobalSection
	GlobalSection(ExtensibilityGlobals) = postSolution
		SolutionGuid = {ABD53923-A927-45EA-B89E-420E3FF1A30C}
	EndGlobalSection
EndGlobal
